
Microsoft Visual Studio Solution File, Format Version 12.00
# Visual Studio Version 17
VisualStudioVersion = 17.4.33205.214
MinimumVisualStudioVersion = 10.0.40219.1
Project("{9A19103F-16F7-4668-BE54-9A1E7A4F7556}") = "AZS.API", "Svyaznoi.API\AZS.API.csproj", "{9F82A3DB-C2A0-4B81-BC42-2537990BB8D7}"
EndProject
Project("{9A19103F-16F7-4668-BE54-9A1E7A4F7556}") = "AZS.Context", "Svyaznoi.Context\AZS.Context.csproj", "{17784D7B-9B48-4A0D-8C10-433EA7787547}"
EndProject
Project("{9A19103F-16F7-4668-BE54-9A1E7A4F7556}") = "AZS.Context.Contracts", "Svyaznoi.Context.Contracts\AZS.Context.Contracts.csproj", "{64BBE3C4-C6F3-4D7D-B5EF-8C4F6FDE51C9}"
EndProject
Global
	GlobalSection(SolutionConfigurationPlatforms) = preSolution
		Debug|Any CPU = Debug|Any CPU
		Release|Any CPU = Release|Any CPU
	EndGlobalSection
	GlobalSection(ProjectConfigurationPlatforms) = postSolution
		{9F82A3DB-C2A0-4B81-BC42-2537990BB8D7}.Debug|Any CPU.ActiveCfg = Debug|Any CPU
		{9F82A3DB-C2A0-4B81-BC42-2537990BB8D7}.Debug|Any CPU.Build.0 = Debug|Any CPU
		{9F82A3DB-C2A0-4B81-BC42-2537990BB8D7}.Release|Any CPU.ActiveCfg = Release|Any CPU
		{9F82A3DB-C2A0-4B81-BC42-2537990BB8D7}.Release|Any CPU.Build.0 = Release|Any CPU
		{17784D7B-9B48-4A0D-8C10-433EA7787547}.Debug|Any CPU.ActiveCfg = Debug|Any CPU
		{17784D7B-9B48-4A0D-8C10-433EA7787547}.Debug|Any CPU.Build.0 = Debug|Any CPU
		{17784D7B-9B48-4A0D-8C10-433EA7787547}.Release|Any CPU.ActiveCfg = Release|Any CPU
		{17784D7B-9B48-4A0D-8C10-433EA7787547}.Release|Any CPU.Build.0 = Release|Any CPU
		{64BBE3C4-C6F3-4D7D-B5EF-8C4F6FDE51C9}.Debug|Any CPU.ActiveCfg = Debug|Any CPU
		{64BBE3C4-C6F3-4D7D-B5EF-8C4F6FDE51C9}.Debug|Any CPU.Build.0 = Debug|Any CPU
		{64BBE3C4-C6F3-4D7D-B5EF-8C4F6FDE51C9}.Release|Any CPU.ActiveCfg = Release|Any CPU
		{64BBE3C4-C6F3-4D7D-B5EF-8C4F6FDE51C9}.Release|Any CPU.Build.0 = Release|Any CPU
	EndGlobalSection
	GlobalSection(SolutionProperties) = preSolution
		HideSolutionNode = FALSE
	EndGlobalSection
	GlobalSection(ExtensibilityGlobals) = postSolution
		SolutionGuid = {1BC7EFD9-44AC-4844-9078-A53F4079AD37}
	EndGlobalSection
EndGlobal
